
Microsoft Visual Studio Solution File, Format Version 12.00
# Visual Studio 2012
Project("{FAE04EC0-301F-11D3-BF4B-00C04F79EFBC}") = "NorwegianCityRace", "NorwegianCityRace\NorwegianCityRace.csproj", "{769AD76B-F90D-4096-8FD8-0BF760AB445C}"
EndProject
Project("{FAE04EC0-301F-11D3-BF4B-00C04F79EFBC}") = "NorwegianCityRace.iOS", "iOS\NorwegianCityRace.iOS.csproj", "{38A42E4C-3898-44F8-8330-978D30AD2EF9}"
EndProject
Project("{FAE04EC0-301F-11D3-BF4B-00C04F79EFBC}") = "NorwegianCityRace.Droid", "Droid\NorwegianCityRace.Droid.csproj", "{BFBB34F6-F302-45E6-BA5F-BF9D32D43E83}"
EndProject
Project("{FAE04EC0-301F-11D3-BF4B-00C04F79EFBC}") = "NorwegianCityRaceASP.Net", "NorwegianCityRaceASP.Net\NorwegianCityRaceASP.Net.csproj", "{BD1E1588-81BF-4960-96EB-1002FFD7B325}"
EndProject
Project("{FAE04EC0-301F-11D3-BF4B-00C04F79EFBC}") = "Models", "Models\Models.csproj", "{89D5019C-2B40-4F99-94D4-1BD02FFDD4DB}"
EndProject
Global
	GlobalSection(SolutionConfigurationPlatforms) = preSolution
		Debug|Any CPU = Debug|Any CPU
		Release|Any CPU = Release|Any CPU
		Debug|iPhoneSimulator = Debug|iPhoneSimulator
		Release|iPhone = Release|iPhone
		Release|iPhoneSimulator = Release|iPhoneSimulator
		Debug|iPhone = Debug|iPhone
	EndGlobalSection
	GlobalSection(ProjectConfigurationPlatforms) = postSolution
		{769AD76B-F90D-4096-8FD8-0BF760AB445C}.Debug|Any CPU.ActiveCfg = Debug|Any CPU
		{769AD76B-F90D-4096-8FD8-0BF760AB445C}.Debug|Any CPU.Build.0 = Debug|Any CPU
		{769AD76B-F90D-4096-8FD8-0BF760AB445C}.Release|Any CPU.ActiveCfg = Release|Any CPU
		{769AD76B-F90D-4096-8FD8-0BF760AB445C}.Release|Any CPU.Build.0 = Release|Any CPU
		{769AD76B-F90D-4096-8FD8-0BF760AB445C}.Debug|iPhoneSimulator.ActiveCfg = Debug|Any CPU
		{769AD76B-F90D-4096-8FD8-0BF760AB445C}.Debug|iPhoneSimulator.Build.0 = Debug|Any CPU
		{769AD76B-F90D-4096-8FD8-0BF760AB445C}.Release|iPhone.ActiveCfg = Release|Any CPU
		{769AD76B-F90D-4096-8FD8-0BF760AB445C}.Release|iPhone.Build.0 = Release|Any CPU
		{769AD76B-F90D-4096-8FD8-0BF760AB445C}.Release|iPhoneSimulator.ActiveCfg = Release|Any CPU
		{769AD76B-F90D-4096-8FD8-0BF760AB445C}.Release|iPhoneSimulator.Build.0 = Release|Any CPU
		{769AD76B-F90D-4096-8FD8-0BF760AB445C}.Debug|iPhone.ActiveCfg = Debug|Any CPU
		{769AD76B-F90D-4096-8FD8-0BF760AB445C}.Debug|iPhone.Build.0 = Debug|Any CPU
		{38A42E4C-3898-44F8-8330-978D30AD2EF9}.Debug|Any CPU.ActiveCfg = Debug|iPhoneSimulator
		{38A42E4C-3898-44F8-8330-978D30AD2EF9}.Debug|Any CPU.Build.0 = Debug|iPhoneSimulator
		{38A42E4C-3898-44F8-8330-978D30AD2EF9}.Release|Any CPU.ActiveCfg = Release|iPhone
		{38A42E4C-3898-44F8-8330-978D30AD2EF9}.Release|Any CPU.Build.0 = Release|iPhone
		{38A42E4C-3898-44F8-8330-978D30AD2EF9}.Debug|iPhoneSimulator.ActiveCfg = Debug|iPhoneSimulator
		{38A42E4C-3898-44F8-8330-978D30AD2EF9}.Debug|iPhoneSimulator.Build.0 = Debug|iPhoneSimulator
		{38A42E4C-3898-44F8-8330-978D30AD2EF9}.Release|iPhone.ActiveCfg = Release|iPhone
		{38A42E4C-3898-44F8-8330-978D30AD2EF9}.Release|iPhone.Build.0 = Release|iPhone
		{38A42E4C-3898-44F8-8330-978D30AD2EF9}.Release|iPhoneSimulator.ActiveCfg = Release|iPhoneSimulator
		{38A42E4C-3898-44F8-8330-978D30AD2EF9}.Release|iPhoneSimulator.Build.0 = Release|iPhoneSimulator
		{38A42E4C-3898-44F8-8330-978D30AD2EF9}.Debug|iPhone.ActiveCfg = Debug|iPhone
		{38A42E4C-3898-44F8-8330-978D30AD2EF9}.Debug|iPhone.Build.0 = Debug|iPhone
		{BFBB34F6-F302-45E6-BA5F-BF9D32D43E83}.Debug|Any CPU.ActiveCfg = Debug|Any CPU
		{BFBB34F6-F302-45E6-BA5F-BF9D32D43E83}.Debug|Any CPU.Build.0 = Debug|Any CPU
		{BFBB34F6-F302-45E6-BA5F-BF9D32D43E83}.Release|Any CPU.ActiveCfg = Release|Any CPU
		{BFBB34F6-F302-45E6-BA5F-BF9D32D43E83}.Release|Any CPU.Build.0 = Release|Any CPU
		{BFBB34F6-F302-45E6-BA5F-BF9D32D43E83}.Debug|iPhoneSimulator.ActiveCfg = Debug|Any CPU
		{BFBB34F6-F302-45E6-BA5F-BF9D32D43E83}.Debug|iPhoneSimulator.Build.0 = Debug|Any CPU
		{BFBB34F6-F302-45E6-BA5F-BF9D32D43E83}.Release|iPhone.ActiveCfg = Release|Any CPU
		{BFBB34F6-F302-45E6-BA5F-BF9D32D43E83}.Release|iPhone.Build.0 = Release|Any CPU
		{BFBB34F6-F302-45E6-BA5F-BF9D32D43E83}.Release|iPhoneSimulator.ActiveCfg = Release|Any CPU
		{BFBB34F6-F302-45E6-BA5F-BF9D32D43E83}.Release|iPhoneSimulator.Build.0 = Release|Any CPU
		{BFBB34F6-F302-45E6-BA5F-BF9D32D43E83}.Debug|iPhone.ActiveCfg = Debug|Any CPU
		{BFBB34F6-F302-45E6-BA5F-BF9D32D43E83}.Debug|iPhone.Build.0 = Debug|Any CPU
		{BD1E1588-81BF-4960-96EB-1002FFD7B325}.Debug|Any CPU.ActiveCfg = Debug|Any CPU
		{BD1E1588-81BF-4960-96EB-1002FFD7B325}.Debug|Any CPU.Build.0 = Debug|Any CPU
		{BD1E1588-81BF-4960-96EB-1002FFD7B325}.Release|Any CPU.ActiveCfg = Release|Any CPU
		{BD1E1588-81BF-4960-96EB-1002FFD7B325}.Release|Any CPU.Build.0 = Release|Any CPU
		{BD1E1588-81BF-4960-96EB-1002FFD7B325}.Debug|iPhoneSimulator.ActiveCfg = Debug|Any CPU
		{BD1E1588-81BF-4960-96EB-1002FFD7B325}.Debug|iPhoneSimulator.Build.0 = Debug|Any CPU
		{BD1E1588-81BF-4960-96EB-1002FFD7B325}.Release|iPhone.ActiveCfg = Release|Any CPU
		{BD1E1588-81BF-4960-96EB-1002FFD7B325}.Release|iPhone.Build.0 = Release|Any CPU
		{BD1E1588-81BF-4960-96EB-1002FFD7B325}.Release|iPhoneSimulator.ActiveCfg = Release|Any CPU
		{BD1E1588-81BF-4960-96EB-1002FFD7B325}.Release|iPhoneSimulator.Build.0 = Release|Any CPU
		{BD1E1588-81BF-4960-96EB-1002FFD7B325}.Debug|iPhone.ActiveCfg = Debug|Any CPU
		{BD1E1588-81BF-4960-96EB-1002FFD7B325}.Debug|iPhone.Build.0 = Debug|Any CPU
		{89D5019C-2B40-4F99-94D4-1BD02FFDD4DB}.Debug|Any CPU.ActiveCfg = Debug|Any CPU
		{89D5019C-2B40-4F99-94D4-1BD02FFDD4DB}.Debug|Any CPU.Build.0 = Debug|Any CPU
		{89D5019C-2B40-4F99-94D4-1BD02FFDD4DB}.Release|Any CPU.ActiveCfg = Release|Any CPU
		{89D5019C-2B40-4F99-94D4-1BD02FFDD4DB}.Release|Any CPU.Build.0 = Release|Any CPU
		{89D5019C-2B40-4F99-94D4-1BD02FFDD4DB}.Debug|iPhoneSimulator.ActiveCfg = Debug|Any CPU
		{89D5019C-2B40-4F99-94D4-1BD02FFDD4DB}.Debug|iPhoneSimulator.Build.0 = Debug|Any CPU
		{89D5019C-2B40-4F99-94D4-1BD02FFDD4DB}.Release|iPhone.ActiveCfg = Release|Any CPU
		{89D5019C-2B40-4F99-94D4-1BD02FFDD4DB}.Release|iPhone.Build.0 = Release|Any CPU
		{89D5019C-2B40-4F99-94D4-1BD02FFDD4DB}.Release|iPhoneSimulator.ActiveCfg = Release|Any CPU
		{89D5019C-2B40-4F99-94D4-1BD02FFDD4DB}.Release|iPhoneSimulator.Build.0 = Release|Any CPU
		{89D5019C-2B40-4F99-94D4-1BD02FFDD4DB}.Debug|iPhone.ActiveCfg = Debug|Any CPU
		{89D5019C-2B40-4F99-94D4-1BD02FFDD4DB}.Debug|iPhone.Build.0 = Debug|Any CPU
	EndGlobalSection
EndGlobal
